<?xml version="1.0" encoding="UTF-8"?>
<!DOCTYPE plist PUBLIC "-//Apple//DTD PLIST 1.0//EN" "http://www.apple.com/DTDs/PropertyList-1.0.dtd">
<plist version="1.0">
<dict>
	<key>archiveVersion</key>
	<string>1</string>
	<key>classes</key>
	<dict/>
	<key>objectVersion</key>
	<string>46</string>
	<key>objects</key>
	<dict>
		<key>27794C1E77E748AE9F3E46E0</key>
		<dict>
			<key>includeInIndex</key>
			<string>1</string>
			<key>isa</key>
			<string>PBXFileReference</string>
			<key>lastKnownFileType</key>
			<string>text.xcconfig</string>
			<key>name</key>
			<string>Pods.xcconfig</string>
			<key>path</key>
			<string>Pods/Pods.xcconfig</string>
			<key>sourceTree</key>
			<string>&lt;group&gt;</string>
		</dict>
		<key>2BBE327BB21742B9AAA25DCE</key>
		<dict>
			<key>explicitFileType</key>
			<string>archive.ar</string>
			<key>includeInIndex</key>
			<string>0</string>
			<key>isa</key>
			<string>PBXFileReference</string>
			<key>path</key>
			<string>libPods.a</string>
			<key>sourceTree</key>
			<string>BUILT_PRODUCTS_DIR</string>
		</dict>
		<key>732CC5D918F9692300CF6F7A</key>
		<dict>
			<key>children</key>
			<array>
				<string>73E5EFCF18F990AB00F4364D</string>
				<string>732CC5DA18F9694100CF6F7A</string>
				<string>732CC5DB18F969EF00CF6F7A</string>
				<string>732CC5DE18F96A3D00CF6F7A</string>
			</array>
			<key>isa</key>
			<string>PBXGroup</string>
			<key>path</key>
			<string>BodySource</string>
			<key>sourceTree</key>
			<string>&lt;group&gt;</string>
		</dict>
		<key>732CC5DA18F9694100CF6F7A</key>
		<dict>
			<key>fileEncoding</key>
			<string>4</string>
			<key>isa</key>
			<string>PBXFileReference</string>
			<key>lastKnownFileType</key>
			<string>sourcecode.c.h</string>
			<key>path</key>
			<string>XBSpriteNodeLoader_CircleBodySource.h</string>
			<key>sourceTree</key>
			<string>&lt;group&gt;</string>
		</dict>
		<key>732CC5DB18F969EF00CF6F7A</key>
		<dict>
			<key>fileEncoding</key>
			<string>4</string>
			<key>isa</key>
			<string>PBXFileReference</string>
			<key>lastKnownFileType</key>
			<string>sourcecode.c.h</string>
			<key>path</key>
			<string>XBSpriteNodeLoader_RectangleBodySource.h</string>
			<key>sourceTree</key>
			<string>&lt;group&gt;</string>
		</dict>
		<key>732CC5DC18F96A0900CF6F7A</key>
		<dict>
			<key>fileRef</key>
			<string>732CC5DA18F9694100CF6F7A</string>
			<key>isa</key>
			<string>PBXBuildFile</string>
		</dict>
		<key>732CC5DD18F96A0D00CF6F7A</key>
		<dict>
			<key>fileRef</key>
			<string>732CC5DB18F969EF00CF6F7A</string>
			<key>isa</key>
			<string>PBXBuildFile</string>
		</dict>
		<key>732CC5DE18F96A3D00CF6F7A</key>
		<dict>
			<key>fileEncoding</key>
			<string>4</string>
			<key>isa</key>
			<string>PBXFileReference</string>
			<key>lastKnownFileType</key>
			<string>sourcecode.c.h</string>
			<key>path</key>
			<string>XBSpriteNodeLoader_PolygonBodySource.h</string>
			<key>sourceTree</key>
			<string>&lt;group&gt;</string>
		</dict>
		<key>732CC5DF18F96A6C00CF6F7A</key>
		<dict>
			<key>fileRef</key>
			<string>732CC5DE18F96A3D00CF6F7A</string>
			<key>isa</key>
			<string>PBXBuildFile</string>
		</dict>
		<key>7333C2A4152F4AB69AE24F38</key>
		<dict>
			<key>fileRef</key>
			<string>2BBE327BB21742B9AAA25DCE</string>
			<key>isa</key>
			<string>PBXBuildFile</string>
		</dict>
		<key>734397071919493C00B6B377</key>
		<dict>
			<key>isa</key>
			<string>PBXFileReference</string>
			<key>lastKnownFileType</key>
			<string>text.rtf</string>
			<key>path</key>
			<string>ReleaseNotes.rtf</string>
			<key>sourceTree</key>
			<string>&lt;group&gt;</string>
		</dict>
		<key>73A30D67190E2E75007C4F02</key>
		<dict>
			<key>children</key>
			<array>
				<string>73A30D69190E2E75007C4F02</string>
				<string>73A30D68190E2E75007C4F02</string>
				<string>73A30D6E190E2E75007C4F02</string>
				<string>73A30D6F190E2E75007C4F02</string>
			</array>
			<key>isa</key>
			<string>PBXGroup</string>
			<key>path</key>
			<string>XCodeConfig</string>
			<key>sourceTree</key>
			<string>&lt;group&gt;</string>
		</dict>
		<key>73A30D68190E2E75007C4F02</key>
		<dict>
			<key>isa</key>
			<string>PBXFileReference</string>
			<key>lastKnownFileType</key>
			<string>text.xcconfig</string>
			<key>path</key>
			<string>debug.xcconfig</string>
			<key>sourceTree</key>
			<string>&lt;group&gt;</string>
		</dict>
		<key>73A30D69190E2E75007C4F02</key>
		<dict>
			<key>children</key>
			<array>
				<string>73A30D6A190E2E75007C4F02</string>
				<string>73A30D6B190E2E75007C4F02</string>
				<string>73A30D6C190E2E75007C4F02</string>
				<string>73A30D6D190E2E75007C4F02</string>
			</array>
			<key>isa</key>
			<string>PBXGroup</string>
			<key>path</key>
			<string>master</string>
			<key>sourceTree</key>
			<string>&lt;group&gt;</string>
		</dict>
		<key>73A30D6A190E2E75007C4F02</key>
		<dict>
			<key>isa</key>
			<string>PBXFileReference</string>
			<key>lastKnownFileType</key>
			<string>text.xcconfig</string>
			<key>path</key>
			<string>masterAdhoc.xcconfig</string>
			<key>sourceTree</key>
			<string>&lt;group&gt;</string>
		</dict>
		<key>73A30D6B190E2E75007C4F02</key>
		<dict>
			<key>isa</key>
			<string>PBXFileReference</string>
			<key>lastKnownFileType</key>
			<string>text.xcconfig</string>
			<key>path</key>
			<string>masterDebug.xcconfig</string>
			<key>sourceTree</key>
			<string>&lt;group&gt;</string>
		</dict>
		<key>73A30D6C190E2E75007C4F02</key>
		<dict>
			<key>isa</key>
			<string>PBXFileReference</string>
			<key>lastKnownFileType</key>
			<string>text.xcconfig</string>
			<key>path</key>
			<string>masterRelease.xcconfig</string>
			<key>sourceTree</key>
			<string>&lt;group&gt;</string>
		</dict>
		<key>73A30D6D190E2E75007C4F02</key>
		<dict>
			<key>isa</key>
			<string>PBXFileReference</string>
			<key>lastKnownFileType</key>
			<string>text.xcconfig</string>
			<key>path</key>
			<string>masterShared.xcconfig</string>
			<key>sourceTree</key>
			<string>&lt;group&gt;</string>
		</dict>
		<key>73A30D6E190E2E75007C4F02</key>
		<dict>
			<key>isa</key>
			<string>PBXFileReference</string>
			<key>lastKnownFileType</key>
			<string>text.xcconfig</string>
			<key>path</key>
			<string>release.xcconfig</string>
			<key>sourceTree</key>
			<string>&lt;group&gt;</string>
		</dict>
		<key>73A30D6F190E2E75007C4F02</key>
		<dict>
			<key>isa</key>
			<string>PBXFileReference</string>
			<key>lastKnownFileType</key>
			<string>text.xcconfig</string>
			<key>path</key>
			<string>shared.xcconfig</string>
			<key>sourceTree</key>
			<string>&lt;group&gt;</string>
		</dict>
		<key>73DC2B1A18C763350088B217</key>
		<dict>
			<key>children</key>
			<array>
				<string>734397071919493C00B6B377</string>
				<string>73A30D67190E2E75007C4F02</string>
				<string>73DC2B2818C763350088B217</string>
				<string>73DC2B3C18C763350088B217</string>
				<string>73DC2B2518C763350088B217</string>
				<string>73DC2B2418C763350088B217</string>
				<string>27794C1E77E748AE9F3E46E0</string>
			</array>
			<key>isa</key>
			<string>PBXGroup</string>
			<key>sourceTree</key>
			<string>&lt;group&gt;</string>
		</dict>
		<key>73DC2B1B18C763350088B217</key>
		<dict>
			<key>attributes</key>
			<dict>
				<key>LastUpgradeCheck</key>
				<string>0510</string>
				<key>ORGANIZATIONNAME</key>
				<string>XeBuyt</string>
			</dict>
			<key>buildConfigurationList</key>
			<string>73DC2B1E18C763350088B217</string>
			<key>compatibilityVersion</key>
			<string>Xcode 3.2</string>
			<key>developmentRegion</key>
			<string>English</string>
			<key>hasScannedForEncodings</key>
			<string>0</string>
			<key>isa</key>
			<string>PBXProject</string>
			<key>knownRegions</key>
			<array>
				<string>en</string>
			</array>
			<key>mainGroup</key>
			<string>73DC2B1A18C763350088B217</string>
			<key>productRefGroup</key>
			<string>73DC2B2418C763350088B217</string>
			<key>projectDirPath</key>
			<string></string>
			<key>projectReferences</key>
			<array/>
			<key>projectRoot</key>
			<string></string>
			<key>targets</key>
			<array>
				<string>73DC2B2218C763350088B217</string>
				<string>73DC2B3218C763350088B217</string>
			</array>
		</dict>
		<key>73DC2B1E18C763350088B217</key>
		<dict>
			<key>buildConfigurations</key>
			<array>
				<string>73DC2B4418C763350088B217</string>
				<string>73DC2B4518C763350088B217</string>
			</array>
			<key>defaultConfigurationIsVisible</key>
			<string>0</string>
			<key>defaultConfigurationName</key>
			<string>Release</string>
			<key>isa</key>
			<string>XCConfigurationList</string>
		</dict>
		<key>73DC2B1F18C763350088B217</key>
		<dict>
			<key>buildActionMask</key>
			<string>2147483647</string>
			<key>files</key>
			<array>
				<string>73DC2B6318C7741B0088B217</string>
				<string>73DC2B5F18C7740E0088B217</string>
				<string>73DC2B2E18C763350088B217</string>
				<string>73DC2B5A18C773F30088B217</string>
			</array>
			<key>isa</key>
			<string>PBXSourcesBuildPhase</string>
			<key>runOnlyForDeploymentPostprocessing</key>
			<string>0</string>
		</dict>
		<key>73DC2B2018C763350088B217</key>
		<dict>
			<key>buildActionMask</key>
			<string>2147483647</string>
			<key>files</key>
			<array>
				<string>73DC2B4F18C766630088B217</string>
				<string>73DC2B4D18C7664B0088B217</string>
				<string>73DC2B2718C763350088B217</string>
				<string>7333C2A4152F4AB69AE24F38</string>
			</array>
			<key>isa</key>
			<string>PBXFrameworksBuildPhase</string>
			<key>runOnlyForDeploymentPostprocessing</key>
			<string>0</string>
		</dict>
		<key>73DC2B2118C763350088B217</key>
		<dict>
			<key>buildActionMask</key>
			<string>2147483647</string>
			<key>dstPath</key>
			<string>include/$(PRODUCT_NAME)</string>
			<key>dstSubfolderSpec</key>
			<string>16</string>
			<key>files</key>
			<array>
				<string>73DC2B2C18C763350088B217</string>
				<string>732CC5DC18F96A0900CF6F7A</string>
				<string>732CC5DD18F96A0D00CF6F7A</string>
				<string>732CC5DF18F96A6C00CF6F7A</string>
			</array>
			<key>isa</key>
			<string>PBXCopyFilesBuildPhase</string>
			<key>runOnlyForDeploymentPostprocessing</key>
			<string>0</string>
		</dict>
		<key>73DC2B2218C763350088B217</key>
		<dict>
			<key>buildConfigurationList</key>
			<string>73DC2B4618C763350088B217</string>
			<key>buildPhases</key>
			<array>
				<string>A5BA4814D2BB4292B2C7F2F4</string>
				<string>73DC2B1F18C763350088B217</string>
				<string>73DC2B2018C763350088B217</string>
				<string>73DC2B2118C763350088B217</string>
				<string>DAF2E47783F74D0AB34456F8</string>
			</array>
			<key>buildRules</key>
			<array/>
			<key>dependencies</key>
			<array/>
			<key>isa</key>
			<string>PBXNativeTarget</string>
			<key>name</key>
			<string>XBSpriteNodeLoader</string>
			<key>productName</key>
			<string>XBSpriteNodeLoader</string>
			<key>productReference</key>
			<string>73DC2B2318C763350088B217</string>
			<key>productType</key>
			<string>com.apple.product-type.library.static</string>
		</dict>
		<key>73DC2B2318C763350088B217</key>
		<dict>
			<key>explicitFileType</key>
			<string>archive.ar</string>
			<key>includeInIndex</key>
			<string>0</string>
			<key>isa</key>
			<string>PBXFileReference</string>
			<key>path</key>
			<string>libXBSpriteNodeLoader.a</string>
			<key>sourceTree</key>
			<string>BUILT_PRODUCTS_DIR</string>
		</dict>
		<key>73DC2B2418C763350088B217</key>
		<dict>
			<key>children</key>
			<array>
				<string>73DC2B2318C763350088B217</string>
				<string>73DC2B3318C763350088B217</string>
			</array>
			<key>isa</key>
			<string>PBXGroup</string>
			<key>name</key>
			<string>Products</string>
			<key>sourceTree</key>
			<string>&lt;group&gt;</string>
		</dict>
		<key>73DC2B2518C763350088B217</key>
		<dict>
			<key>children</key>
			<array>
				<string>73DC2B4E18C766630088B217</string>
				<string>73DC2B4C18C7664B0088B217</string>
				<string>73DC2B2618C763350088B217</string>
				<string>73DC2B3418C763350088B217</string>
				<string>73DC2B3718C763350088B217</string>
				<string>2BBE327BB21742B9AAA25DCE</string>
			</array>
			<key>isa</key>
			<string>PBXGroup</string>
			<key>name</key>
			<string>Frameworks</string>
			<key>sourceTree</key>
			<string>&lt;group&gt;</string>
		</dict>
		<key>73DC2B2618C763350088B217</key>
		<dict>
			<key>isa</key>
			<string>PBXFileReference</string>
			<key>lastKnownFileType</key>
			<string>wrapper.framework</string>
			<key>name</key>
			<string>Foundation.framework</string>
			<key>path</key>
			<string>System/Library/Frameworks/Foundation.framework</string>
			<key>sourceTree</key>
			<string>SDKROOT</string>
		</dict>
		<key>73DC2B2718C763350088B217</key>
		<dict>
			<key>fileRef</key>
			<string>73DC2B2618C763350088B217</string>
			<key>isa</key>
			<string>PBXBuildFile</string>
		</dict>
		<key>73DC2B2818C763350088B217</key>
		<dict>
			<key>children</key>
			<array>
				<string>732CC5D918F9692300CF6F7A</string>
				<string>73DC2B5C18C773F70088B217</string>
				<string>73DC2B2B18C763350088B217</string>
				<string>73DC2B5018C768A60088B217</string>
				<string>73DC2B2D18C763350088B217</string>
				<string>73DC2B2918C763350088B217</string>
			</array>
			<key>isa</key>
			<string>PBXGroup</string>
			<key>path</key>
			<string>XBSpriteNodeLoader</string>
			<key>sourceTree</key>
			<string>&lt;group&gt;</string>
		</dict>
		<key>73DC2B2918C763350088B217</key>
		<dict>
			<key>children</key>
			<array>
				<string>73DC2B2A18C763350088B217</string>
			</array>
			<key>isa</key>
			<string>PBXGroup</string>
			<key>name</key>
			<string>Supporting Files</string>
			<key>sourceTree</key>
			<string>&lt;group&gt;</string>
		</dict>
		<key>73DC2B2A18C763350088B217</key>
		<dict>
			<key>isa</key>
			<string>PBXFileReference</string>
			<key>lastKnownFileType</key>
			<string>sourcecode.c.h</string>
			<key>path</key>
			<string>XBSpriteNodeLoader-Prefix.pch</string>
			<key>sourceTree</key>
			<string>&lt;group&gt;</string>
		</dict>
		<key>73DC2B2B18C763350088B217</key>
		<dict>
			<key>isa</key>
			<string>PBXFileReference</string>
			<key>lastKnownFileType</key>
			<string>sourcecode.c.h</string>
			<key>path</key>
			<string>XBSpriteNodeLoader.h</string>
			<key>sourceTree</key>
			<string>&lt;group&gt;</string>
		</dict>
		<key>73DC2B2C18C763350088B217</key>
		<dict>
			<key>fileRef</key>
			<string>73DC2B2B18C763350088B217</string>
			<key>isa</key>
			<string>PBXBuildFile</string>
		</dict>
		<key>73DC2B2D18C763350088B217</key>
		<dict>
			<key>isa</key>
			<string>PBXFileReference</string>
			<key>lastKnownFileType</key>
			<string>sourcecode.c.objc</string>
			<key>path</key>
			<string>XBSpriteNodeLoader.m</string>
			<key>sourceTree</key>
			<string>&lt;group&gt;</string>
		</dict>
		<key>73DC2B2E18C763350088B217</key>
		<dict>
			<key>fileRef</key>
			<string>73DC2B2D18C763350088B217</string>
			<key>isa</key>
			<string>PBXBuildFile</string>
		</dict>
		<key>73DC2B2F18C763350088B217</key>
		<dict>
			<key>buildActionMask</key>
			<string>2147483647</string>
			<key>files</key>
			<array>
				<string>73DC2B6418C7741B0088B217</string>
				<string>73DC2B6018C7740E0088B217</string>
				<string>73DC2B4318C763350088B217</string>
				<string>73DC2B5B18C773F30088B217</string>
			</array>
			<key>isa</key>
			<string>PBXSourcesBuildPhase</string>
			<key>runOnlyForDeploymentPostprocessing</key>
			<string>0</string>
		</dict>
		<key>73DC2B3018C763350088B217</key>
		<dict>
			<key>buildActionMask</key>
			<string>2147483647</string>
			<key>files</key>
			<array>
				<string>73DC2B3518C763350088B217</string>
				<string>73DC2B3818C763350088B217</string>
				<string>73DC2B3618C763350088B217</string>
				<string>73DC2B3B18C763350088B217</string>
			</array>
			<key>isa</key>
			<string>PBXFrameworksBuildPhase</string>
			<key>runOnlyForDeploymentPostprocessing</key>
			<string>0</string>
		</dict>
		<key>73DC2B3118C763350088B217</key>
		<dict>
			<key>buildActionMask</key>
			<string>2147483647</string>
			<key>files</key>
			<array>
				<string>73DC2B4118C763350088B217</string>
			</array>
			<key>isa</key>
			<string>PBXResourcesBuildPhase</string>
			<key>runOnlyForDeploymentPostprocessing</key>
			<string>0</string>
		</dict>
		<key>73DC2B3218C763350088B217</key>
		<dict>
			<key>buildConfigurationList</key>
			<string>73DC2B4918C763350088B217</string>
			<key>buildPhases</key>
			<array>
				<string>73DC2B2F18C763350088B217</string>
				<string>73DC2B3018C763350088B217</string>
				<string>73DC2B3118C763350088B217</string>
			</array>
			<key>buildRules</key>
			<array/>
			<key>dependencies</key>
			<array>
				<string>73DC2B3A18C763350088B217</string>
			</array>
			<key>isa</key>
			<string>PBXNativeTarget</string>
			<key>name</key>
			<string>XBSpriteNodeLoaderTests</string>
			<key>productName</key>
			<string>XBSpriteNodeLoaderTests</string>
			<key>productReference</key>
			<string>73DC2B3318C763350088B217</string>
			<key>productType</key>
			<string>com.apple.product-type.bundle.unit-test</string>
		</dict>
		<key>73DC2B3318C763350088B217</key>
		<dict>
			<key>explicitFileType</key>
			<string>wrapper.cfbundle</string>
			<key>includeInIndex</key>
			<string>0</string>
			<key>isa</key>
			<string>PBXFileReference</string>
			<key>path</key>
			<string>XBSpriteNodeLoaderTests.xctest</string>
			<key>sourceTree</key>
			<string>BUILT_PRODUCTS_DIR</string>
		</dict>
		<key>73DC2B3418C763350088B217</key>
		<dict>
			<key>isa</key>
			<string>PBXFileReference</string>
			<key>lastKnownFileType</key>
			<string>wrapper.framework</string>
			<key>name</key>
			<string>XCTest.framework</string>
			<key>path</key>
			<string>Library/Frameworks/XCTest.framework</string>
			<key>sourceTree</key>
			<string>DEVELOPER_DIR</string>
		</dict>
		<key>73DC2B3518C763350088B217</key>
		<dict>
			<key>fileRef</key>
			<string>73DC2B3418C763350088B217</string>
			<key>isa</key>
			<string>PBXBuildFile</string>
		</dict>
		<key>73DC2B3618C763350088B217</key>
		<dict>
			<key>fileRef</key>
			<string>73DC2B2618C763350088B217</string>
			<key>isa</key>
			<string>PBXBuildFile</string>
		</dict>
		<key>73DC2B3718C763350088B217</key>
		<dict>
			<key>isa</key>
			<string>PBXFileReference</string>
			<key>lastKnownFileType</key>
			<string>wrapper.framework</string>
			<key>name</key>
			<string>UIKit.framework</string>
			<key>path</key>
			<string>Library/Frameworks/UIKit.framework</string>
			<key>sourceTree</key>
			<string>DEVELOPER_DIR</string>
		</dict>
		<key>73DC2B3818C763350088B217</key>
		<dict>
			<key>fileRef</key>
			<string>73DC2B3718C763350088B217</string>
			<key>isa</key>
			<string>PBXBuildFile</string>
		</dict>
		<key>73DC2B3918C763350088B217</key>
		<dict>
			<key>containerPortal</key>
			<string>73DC2B1B18C763350088B217</string>
			<key>isa</key>
			<string>PBXContainerItemProxy</string>
			<key>proxyType</key>
			<string>1</string>
			<key>remoteGlobalIDString</key>
			<string>73DC2B2218C763350088B217</string>
			<key>remoteInfo</key>
			<string>XBSpriteNodeLoader</string>
		</dict>
		<key>73DC2B3A18C763350088B217</key>
		<dict>
			<key>isa</key>
			<string>PBXTargetDependency</string>
			<key>target</key>
			<string>73DC2B2218C763350088B217</string>
			<key>targetProxy</key>
			<string>73DC2B3918C763350088B217</string>
		</dict>
		<key>73DC2B3B18C763350088B217</key>
		<dict>
			<key>fileRef</key>
			<string>73DC2B2318C763350088B217</string>
			<key>isa</key>
			<string>PBXBuildFile</string>
		</dict>
		<key>73DC2B3C18C763350088B217</key>
		<dict>
			<key>children</key>
			<array>
				<string>73DC2B4218C763350088B217</string>
				<string>73DC2B3D18C763350088B217</string>
			</array>
			<key>isa</key>
			<string>PBXGroup</string>
			<key>path</key>
			<string>XBSpriteNodeLoaderTests</string>
			<key>sourceTree</key>
			<string>&lt;group&gt;</string>
		</dict>
		<key>73DC2B3D18C763350088B217</key>
		<dict>
			<key>children</key>
			<array>
				<string>73DC2B3E18C763350088B217</string>
				<string>73DC2B3F18C763350088B217</string>
			</array>
			<key>isa</key>
			<string>PBXGroup</string>
			<key>name</key>
			<string>Supporting Files</string>
			<key>sourceTree</key>
			<string>&lt;group&gt;</string>
		</dict>
		<key>73DC2B3E18C763350088B217</key>
		<dict>
			<key>isa</key>
			<string>PBXFileReference</string>
			<key>lastKnownFileType</key>
			<string>text.plist.xml</string>
			<key>path</key>
			<string>XBSpriteNodeLoaderTests-Info.plist</string>
			<key>sourceTree</key>
			<string>&lt;group&gt;</string>
		</dict>
		<key>73DC2B3F18C763350088B217</key>
		<dict>
			<key>children</key>
			<array>
				<string>73DC2B4018C763350088B217</string>
			</array>
			<key>isa</key>
			<string>PBXVariantGroup</string>
			<key>name</key>
			<string>InfoPlist.strings</string>
			<key>sourceTree</key>
			<string>&lt;group&gt;</string>
		</dict>
		<key>73DC2B4018C763350088B217</key>
		<dict>
			<key>isa</key>
			<string>PBXFileReference</string>
			<key>lastKnownFileType</key>
			<string>text.plist.strings</string>
			<key>name</key>
			<string>en</string>
			<key>path</key>
			<string>en.lproj/InfoPlist.strings</string>
			<key>sourceTree</key>
			<string>&lt;group&gt;</string>
		</dict>
		<key>73DC2B4118C763350088B217</key>
		<dict>
			<key>fileRef</key>
			<string>73DC2B3F18C763350088B217</string>
			<key>isa</key>
			<string>PBXBuildFile</string>
		</dict>
		<key>73DC2B4218C763350088B217</key>
		<dict>
			<key>isa</key>
			<string>PBXFileReference</string>
			<key>lastKnownFileType</key>
			<string>sourcecode.c.objc</string>
			<key>path</key>
			<string>XBSpriteNodeLoaderTests.m</string>
			<key>sourceTree</key>
			<string>&lt;group&gt;</string>
		</dict>
		<key>73DC2B4318C763350088B217</key>
		<dict>
			<key>fileRef</key>
			<string>73DC2B4218C763350088B217</string>
			<key>isa</key>
			<string>PBXBuildFile</string>
		</dict>
		<key>73DC2B4418C763350088B217</key>
		<dict>
			<key>buildSettings</key>
			<dict>
				<key>ALWAYS_SEARCH_USER_PATHS</key>
				<string>NO</string>
				<key>CLANG_CXX_LANGUAGE_STANDARD</key>
				<string>gnu++0x</string>
				<key>CLANG_CXX_LIBRARY</key>
				<string>libc++</string>
				<key>CLANG_ENABLE_MODULES</key>
				<string>YES</string>
				<key>CLANG_ENABLE_OBJC_ARC</key>
				<string>YES</string>
				<key>CLANG_WARN_BOOL_CONVERSION</key>
				<string>YES</string>
				<key>CLANG_WARN_CONSTANT_CONVERSION</key>
				<string>YES</string>
				<key>CLANG_WARN_DIRECT_OBJC_ISA_USAGE</key>
				<string>YES_ERROR</string>
				<key>CLANG_WARN_EMPTY_BODY</key>
				<string>YES</string>
				<key>CLANG_WARN_ENUM_CONVERSION</key>
				<string>YES</string>
				<key>CLANG_WARN_INT_CONVERSION</key>
				<string>YES</string>
				<key>CLANG_WARN_OBJC_ROOT_CLASS</key>
				<string>YES_ERROR</string>
				<key>CLANG_WARN__DUPLICATE_METHOD_MATCH</key>
				<string>YES</string>
				<key>COPY_PHASE_STRIP</key>
				<string>NO</string>
				<key>GCC_C_LANGUAGE_STANDARD</key>
				<string>gnu99</string>
				<key>GCC_DYNAMIC_NO_PIC</key>
				<string>NO</string>
				<key>GCC_OPTIMIZATION_LEVEL</key>
				<string>0</string>
				<key>GCC_PREPROCESSOR_DEFINITIONS</key>
				<array>
					<string>DEBUG=1</string>
					<string>$(inherited)</string>
				</array>
				<key>GCC_SYMBOLS_PRIVATE_EXTERN</key>
				<string>NO</string>
				<key>GCC_WARN_64_TO_32_BIT_CONVERSION</key>
				<string>YES</string>
				<key>GCC_WARN_ABOUT_RETURN_TYPE</key>
				<string>YES_ERROR</string>
				<key>GCC_WARN_UNDECLARED_SELECTOR</key>
				<string>YES</string>
				<key>GCC_WARN_UNINITIALIZED_AUTOS</key>
				<string>YES</string>
				<key>GCC_WARN_UNUSED_FUNCTION</key>
				<string>YES</string>
				<key>GCC_WARN_UNUSED_VARIABLE</key>
				<string>YES</string>
				<key>HEADER_SEARCH_PATHS</key>
				<string></string>
				<key>IPHONEOS_DEPLOYMENT_TARGET</key>
				<string>7.0</string>
				<key>ONLY_ACTIVE_ARCH</key>
				<string>YES</string>
				<key>OTHER_LDFLAGS</key>
				<string></string>
				<key>PUBLIC_HEADERS_FOLDER_PATH</key>
				<string></string>
				<key>SDKROOT</key>
				<string>iphoneos</string>
			</dict>
			<key>isa</key>
			<string>XCBuildConfiguration</string>
			<key>name</key>
			<string>Debug</string>
		</dict>
		<key>73DC2B4518C763350088B217</key>
		<dict>
			<key>buildSettings</key>
			<dict>
				<key>ALWAYS_SEARCH_USER_PATHS</key>
				<string>NO</string>
				<key>CLANG_CXX_LANGUAGE_STANDARD</key>
				<string>gnu++0x</string>
				<key>CLANG_CXX_LIBRARY</key>
				<string>libc++</string>
				<key>CLANG_ENABLE_MODULES</key>
				<string>YES</string>
				<key>CLANG_ENABLE_OBJC_ARC</key>
				<string>YES</string>
				<key>CLANG_STATIC_ANALYZER_MODE</key>
				<string>deep</string>
				<key>CLANG_WARN_BOOL_CONVERSION</key>
				<string>YES</string>
				<key>CLANG_WARN_CONSTANT_CONVERSION</key>
				<string>YES</string>
				<key>CLANG_WARN_DIRECT_OBJC_ISA_USAGE</key>
				<string>YES_ERROR</string>
				<key>CLANG_WARN_EMPTY_BODY</key>
				<string>YES</string>
				<key>CLANG_WARN_ENUM_CONVERSION</key>
				<string>YES</string>
				<key>CLANG_WARN_INT_CONVERSION</key>
				<string>YES</string>
				<key>CLANG_WARN_OBJC_ROOT_CLASS</key>
				<string>YES_ERROR</string>
				<key>CLANG_WARN__DUPLICATE_METHOD_MATCH</key>
				<string>YES</string>
				<key>COPY_PHASE_STRIP</key>
				<string>YES</string>
				<key>ENABLE_NS_ASSERTIONS</key>
				<string>NO</string>
				<key>GCC_C_LANGUAGE_STANDARD</key>
				<string>gnu99</string>
				<key>GCC_WARN_64_TO_32_BIT_CONVERSION</key>
				<string>YES</string>
				<key>GCC_WARN_ABOUT_RETURN_TYPE</key>
				<string>YES_ERROR</string>
				<key>GCC_WARN_UNDECLARED_SELECTOR</key>
				<string>YES</string>
				<key>GCC_WARN_UNINITIALIZED_AUTOS</key>
				<string>YES</string>
				<key>GCC_WARN_UNUSED_FUNCTION</key>
				<string>YES</string>
				<key>GCC_WARN_UNUSED_VARIABLE</key>
				<string>YES</string>
				<key>HEADER_SEARCH_PATHS</key>
				<string></string>
				<key>IPHONEOS_DEPLOYMENT_TARGET</key>
				<string>7.0</string>
				<key>OTHER_LDFLAGS</key>
				<string></string>
				<key>PUBLIC_HEADERS_FOLDER_PATH</key>
				<string></string>
				<key>RUN_CLANG_STATIC_ANALYZER</key>
				<string>YES</string>
				<key>SDKROOT</key>
				<string>iphoneos</string>
				<key>VALIDATE_PRODUCT</key>
				<string>YES</string>
			</dict>
			<key>isa</key>
			<string>XCBuildConfiguration</string>
			<key>name</key>
			<string>Release</string>
		</dict>
		<key>73DC2B4618C763350088B217</key>
		<dict>
			<key>buildConfigurations</key>
			<array>
				<string>73DC2B4718C763350088B217</string>
				<string>73DC2B4818C763350088B217</string>
			</array>
			<key>defaultConfigurationIsVisible</key>
			<string>0</string>
			<key>defaultConfigurationName</key>
			<string>Release</string>
			<key>isa</key>
			<string>XCConfigurationList</string>
		</dict>
		<key>73DC2B4718C763350088B217</key>
		<dict>
			<key>baseConfigurationReference</key>
			<string>27794C1E77E748AE9F3E46E0</string>
			<key>buildSettings</key>
			<dict>
				<key>DSTROOT</key>
				<string>/tmp/XBSpriteNodeLoader.dst</string>
				<key>GCC_PRECOMPILE_PREFIX_HEADER</key>
				<string>YES</string>
				<key>GCC_PREFIX_HEADER</key>
				<string>XBSpriteNodeLoader/XBSpriteNodeLoader-Prefix.pch</string>
				<key>OTHER_LDFLAGS</key>
				<string></string>
				<key>PRODUCT_NAME</key>
				<string>$(TARGET_NAME)</string>
				<key>PUBLIC_HEADERS_FOLDER_PATH</key>
				<string></string>
				<key>SKIP_INSTALL</key>
				<string>YES</string>
			</dict>
			<key>isa</key>
			<string>XCBuildConfiguration</string>
			<key>name</key>
			<string>Debug</string>
		</dict>
		<key>73DC2B4818C763350088B217</key>
		<dict>
			<key>baseConfigurationReference</key>
			<string>27794C1E77E748AE9F3E46E0</string>
			<key>buildSettings</key>
			<dict>
				<key>DSTROOT</key>
				<string>/tmp/XBSpriteNodeLoader.dst</string>
				<key>GCC_PRECOMPILE_PREFIX_HEADER</key>
				<string>YES</string>
				<key>GCC_PREFIX_HEADER</key>
				<string>XBSpriteNodeLoader/XBSpriteNodeLoader-Prefix.pch</string>
				<key>HEADER_SEARCH_PATHS</key>
				<string></string>
				<key>OTHER_LDFLAGS</key>
				<string></string>
				<key>PRODUCT_NAME</key>
				<string>$(TARGET_NAME)</string>
				<key>PUBLIC_HEADERS_FOLDER_PATH</key>
				<string></string>
				<key>SKIP_INSTALL</key>
				<string>YES</string>
			</dict>
			<key>isa</key>
			<string>XCBuildConfiguration</string>
			<key>name</key>
			<string>Release</string>
		</dict>
		<key>73DC2B4918C763350088B217</key>
		<dict>
			<key>buildConfigurations</key>
			<array>
				<string>73DC2B4A18C763350088B217</string>
				<string>73DC2B4B18C763350088B217</string>
			</array>
			<key>defaultConfigurationIsVisible</key>
			<string>0</string>
			<key>defaultConfigurationName</key>
			<string>Release</string>
			<key>isa</key>
			<string>XCConfigurationList</string>
		</dict>
		<key>73DC2B4A18C763350088B217</key>
		<dict>
			<key>buildSettings</key>
			<dict>
				<key>FRAMEWORK_SEARCH_PATHS</key>
				<array>
					<string>$(SDKROOT)/Developer/Library/Frameworks</string>
					<string>$(inherited)</string>
					<string>$(DEVELOPER_FRAMEWORKS_DIR)</string>
				</array>
				<key>GCC_PRECOMPILE_PREFIX_HEADER</key>
				<string>YES</string>
				<key>GCC_PREFIX_HEADER</key>
				<string>XBSpriteNodeLoader/XBSpriteNodeLoader-Prefix.pch</string>
				<key>GCC_PREPROCESSOR_DEFINITIONS</key>
				<array>
					<string>DEBUG=1</string>
					<string>$(inherited)</string>
				</array>
				<key>INFOPLIST_FILE</key>
				<string>XBSpriteNodeLoaderTests/XBSpriteNodeLoaderTests-Info.plist</string>
				<key>PRODUCT_NAME</key>
				<string>$(TARGET_NAME)</string>
				<key>WRAPPER_EXTENSION</key>
				<string>xctest</string>
			</dict>
			<key>isa</key>
			<string>XCBuildConfiguration</string>
			<key>name</key>
			<string>Debug</string>
		</dict>
		<key>73DC2B4B18C763350088B217</key>
		<dict>
			<key>buildSettings</key>
			<dict>
				<key>FRAMEWORK_SEARCH_PATHS</key>
				<array>
					<string>$(SDKROOT)/Developer/Library/Frameworks</string>
					<string>$(inherited)</string>
					<string>$(DEVELOPER_FRAMEWORKS_DIR)</string>
				</array>
				<key>GCC_PRECOMPILE_PREFIX_HEADER</key>
				<string>YES</string>
				<key>GCC_PREFIX_HEADER</key>
				<string>XBSpriteNodeLoader/XBSpriteNodeLoader-Prefix.pch</string>
				<key>INFOPLIST_FILE</key>
				<string>XBSpriteNodeLoaderTests/XBSpriteNodeLoaderTests-Info.plist</string>
				<key>PRODUCT_NAME</key>
				<string>$(TARGET_NAME)</string>
				<key>WRAPPER_EXTENSION</key>
				<string>xctest</string>
			</dict>
			<key>isa</key>
			<string>XCBuildConfiguration</string>
			<key>name</key>
			<string>Release</string>
		</dict>
		<key>73DC2B4C18C7664B0088B217</key>
		<dict>
			<key>isa</key>
			<string>PBXFileReference</string>
			<key>lastKnownFileType</key>
			<string>wrapper.framework</string>
			<key>name</key>
			<string>CoreGraphics.framework</string>
			<key>path</key>
			<string>System/Library/Frameworks/CoreGraphics.framework</string>
			<key>sourceTree</key>
			<string>SDKROOT</string>
		</dict>
		<key>73DC2B4D18C7664B0088B217</key>
		<dict>
			<key>fileRef</key>
			<string>73DC2B4C18C7664B0088B217</string>
			<key>isa</key>
			<string>PBXBuildFile</string>
		</dict>
		<key>73DC2B4E18C766630088B217</key>
		<dict>
			<key>isa</key>
			<string>PBXFileReference</string>
			<key>lastKnownFileType</key>
			<string>wrapper.framework</string>
			<key>name</key>
			<string>SpriteKit.framework</string>
			<key>path</key>
			<string>System/Library/Frameworks/SpriteKit.framework</string>
			<key>sourceTree</key>
			<string>SDKROOT</string>
		</dict>
		<key>73DC2B4F18C766630088B217</key>
		<dict>
			<key>fileRef</key>
			<string>73DC2B4E18C766630088B217</string>
			<key>isa</key>
			<string>PBXBuildFile</string>
		</dict>
		<key>73DC2B5018C768A60088B217</key>
		<dict>
			<key>fileEncoding</key>
			<string>4</string>
			<key>isa</key>
			<string>PBXFileReference</string>
			<key>lastKnownFileType</key>
			<string>sourcecode.c.h</string>
			<key>path</key>
			<string>XBSpriteNodeLoaderProtected.h</string>
			<key>sourceTree</key>
			<string>&lt;group&gt;</string>
		</dict>
		<key>73DC2B5818C773F30088B217</key>
		<dict>
			<key>fileEncoding</key>
			<string>4</string>
			<key>isa</key>
			<string>PBXFileReference</string>
			<key>lastKnownFileType</key>
			<string>sourcecode.c.h</string>
			<key>name</key>
			<string>XBSpriteNodeLoader_Rectangle.h</string>
			<key>path</key>
			<string>Internal/XBSpriteNodeLoader_Rectangle.h</string>
			<key>sourceTree</key>
			<string>&lt;group&gt;</string>
		</dict>
		<key>73DC2B5918C773F30088B217</key>
		<dict>
			<key>fileEncoding</key>
			<string>4</string>
			<key>isa</key>
			<string>PBXFileReference</string>
			<key>lastKnownFileType</key>
			<string>sourcecode.c.objc</string>
			<key>name</key>
			<string>XBSpriteNodeLoader_Rectangle.m</string>
			<key>path</key>
			<string>Internal/XBSpriteNodeLoader_Rectangle.m</string>
			<key>sourceTree</key>
			<string>&lt;group&gt;</string>
		</dict>
		<key>73DC2B5A18C773F30088B217</key>
		<dict>
			<key>fileRef</key>
			<string>73DC2B5918C773F30088B217</string>
			<key>isa</key>
			<string>PBXBuildFile</string>
		</dict>
		<key>73DC2B5B18C773F30088B217</key>
		<dict>
			<key>fileRef</key>
			<string>73DC2B5918C773F30088B217</string>
			<key>isa</key>
			<string>PBXBuildFile</string>
		</dict>
		<key>73DC2B5C18C773F70088B217</key>
		<dict>
			<key>children</key>
			<array>
				<string>73DC2B5818C773F30088B217</string>
				<string>73DC2B5918C773F30088B217</string>
				<string>73DC2B5D18C7740E0088B217</string>
				<string>73DC2B5E18C7740E0088B217</string>
				<string>73DC2B6118C7741B0088B217</string>
				<string>73DC2B6218C7741B0088B217</string>
			</array>
			<key>isa</key>
			<string>PBXGroup</string>
			<key>name</key>
			<string>Internal</string>
			<key>sourceTree</key>
			<string>&lt;group&gt;</string>
		</dict>
		<key>73DC2B5D18C7740E0088B217</key>
		<dict>
			<key>fileEncoding</key>
			<string>4</string>
			<key>isa</key>
			<string>PBXFileReference</string>
			<key>lastKnownFileType</key>
			<string>sourcecode.c.h</string>
			<key>name</key>
			<string>XBSpriteNodeLoader_Circle.h</string>
			<key>path</key>
			<string>Internal/XBSpriteNodeLoader_Circle.h</string>
			<key>sourceTree</key>
			<string>&lt;group&gt;</string>
		</dict>
		<key>73DC2B5E18C7740E0088B217</key>
		<dict>
			<key>fileEncoding</key>
			<string>4</string>
			<key>isa</key>
			<string>PBXFileReference</string>
			<key>lastKnownFileType</key>
			<string>sourcecode.c.objc</string>
			<key>name</key>
			<string>XBSpriteNodeLoader_Circle.m</string>
			<key>path</key>
			<string>Internal/XBSpriteNodeLoader_Circle.m</string>
			<key>sourceTree</key>
			<string>&lt;group&gt;</string>
		</dict>
		<key>73DC2B5F18C7740E0088B217</key>
		<dict>
			<key>fileRef</key>
			<string>73DC2B5E18C7740E0088B217</string>
			<key>isa</key>
			<string>PBXBuildFile</string>
		</dict>
		<key>73DC2B6018C7740E0088B217</key>
		<dict>
			<key>fileRef</key>
			<string>73DC2B5E18C7740E0088B217</string>
			<key>isa</key>
			<string>PBXBuildFile</string>
		</dict>
		<key>73DC2B6118C7741B0088B217</key>
		<dict>
			<key>fileEncoding</key>
			<string>4</string>
			<key>isa</key>
			<string>PBXFileReference</string>
			<key>lastKnownFileType</key>
			<string>sourcecode.c.h</string>
			<key>name</key>
			<string>XBSpriteNodeLoader_Polygon.h</string>
			<key>path</key>
			<string>Internal/XBSpriteNodeLoader_Polygon.h</string>
			<key>sourceTree</key>
			<string>&lt;group&gt;</string>
		</dict>
		<key>73DC2B6218C7741B0088B217</key>
		<dict>
			<key>fileEncoding</key>
			<string>4</string>
			<key>isa</key>
			<string>PBXFileReference</string>
			<key>lastKnownFileType</key>
			<string>sourcecode.c.objc</string>
			<key>name</key>
			<string>XBSpriteNodeLoader_Polygon.m</string>
			<key>path</key>
			<string>Internal/XBSpriteNodeLoader_Polygon.m</string>
			<key>sourceTree</key>
			<string>&lt;group&gt;</string>
		</dict>
		<key>73DC2B6318C7741B0088B217</key>
		<dict>
			<key>fileRef</key>
			<string>73DC2B6218C7741B0088B217</string>
			<key>isa</key>
			<string>PBXBuildFile</string>
		</dict>
		<key>73DC2B6418C7741B0088B217</key>
		<dict>
			<key>fileRef</key>
			<string>73DC2B6218C7741B0088B217</string>
			<key>isa</key>
			<string>PBXBuildFile</string>
		</dict>
		<key>73E5EFCF18F990AB00F4364D</key>
		<dict>
			<key>children</key>
			<array/>
			<key>isa</key>
			<string>PBXGroup</string>
			<key>path</key>
			<string>DefaultSources</string>
			<key>sourceTree</key>
			<string>&lt;group&gt;</string>
		</dict>
		<key>A5BA4814D2BB4292B2C7F2F4</key>
		<dict>
			<key>buildActionMask</key>
			<string>2147483647</string>
			<key>files</key>
			<array/>
			<key>inputPaths</key>
			<array/>
			<key>isa</key>
			<string>PBXShellScriptBuildPhase</string>
			<key>name</key>
			<string>Check Pods Manifest.lock</string>
			<key>outputPaths</key>
			<array/>
			<key>runOnlyForDeploymentPostprocessing</key>
			<string>0</string>
			<key>shellPath</key>
			<string>/bin/sh</string>
			<key>shellScript</key>
			<string>diff "${PODS_ROOT}/../Podfile.lock" "${PODS_ROOT}/Manifest.lock" &gt; /dev/null
if [[ $? != 0 ]] ; then
    cat &lt;&lt; EOM
error: The sandbox is not in sync with the Podfile.lock. Run 'pod install' or update your CocoaPods installation.
EOM
    exit 1
fi
</string>
			<key>showEnvVarsInLog</key>
			<string>0</string>
		</dict>
		<key>DAF2E47783F74D0AB34456F8</key>
		<dict>
			<key>buildActionMask</key>
			<string>2147483647</string>
			<key>files</key>
			<array/>
			<key>inputPaths</key>
			<array/>
			<key>isa</key>
			<string>PBXShellScriptBuildPhase</string>
			<key>name</key>
			<string>Copy Pods Resources</string>
			<key>outputPaths</key>
			<array/>
			<key>runOnlyForDeploymentPostprocessing</key>
			<string>0</string>
			<key>shellPath</key>
			<string>/bin/sh</string>
			<key>shellScript</key>
			<string>"${SRCROOT}/Pods/Pods-resources.sh"
</string>
			<key>showEnvVarsInLog</key>
			<string>0</string>
		</dict>
	</dict>
	<key>rootObject</key>
	<string>73DC2B1B18C763350088B217</string>
</dict>
</plist>
